
Microsoft Visual Studio Solution File, Format Version 12.00
# Visual Studio Version 17
VisualStudioVersion = 17.4.33205.214
MinimumVisualStudioVersion = 10.0.40219.1
Project("{FAE04EC0-301F-11D3-BF4B-00C04F79EFBC}") = "HelloWorldEnterpriseEdition", "HelloWorldEnterpriseEdition.csproj", "{29AE0782-3C5F-4B9A-B440-3B81A37353B2}"
EndProject
Global
	GlobalSection(SolutionConfigurationPlatforms) = preSolution
		Debug|Any CPU = Debug|Any CPU
		Release|Any CPU = Release|Any CPU
	EndGlobalSection
	GlobalSection(ProjectConfigurationPlatforms) = postSolution
		{29AE0782-3C5F-4B9A-B440-3B81A37353B2}.Debug|Any CPU.ActiveCfg = Debug|Any CPU
		{29AE0782-3C5F-4B9A-B440-3B81A37353B2}.Debug|Any CPU.Build.0 = Debug|Any CPU
		{29AE0782-3C5F-4B9A-B440-3B81A37353B2}.Release|Any CPU.ActiveCfg = Release|Any CPU
		{29AE0782-3C5F-4B9A-B440-3B81A37353B2}.Release|Any CPU.Build.0 = Release|Any CPU
	EndGlobalSection
	GlobalSection(SolutionProperties) = preSolution
		HideSolutionNode = FALSE
	EndGlobalSection
	GlobalSection(ExtensibilityGlobals) = postSolution
		SolutionGuid = {30FE4B1D-4519-4459-A084-ABB6E4F653FC}
	EndGlobalSection
EndGlobal
